
Microsoft Visual Studio Solution File, Format Version 12.00
# Visual Studio 15
VisualStudioVersion = 15.0.26730.15
MinimumVisualStudioVersion = 10.0.40219.1
Project("{FAE04EC0-301F-11D3-BF4B-00C04F79EFBC}") = "Youtube App", "Unofficial Youtube Client\Youtube App.csproj", "{F7D4F8C5-68AD-41C4-9AF8-DA32273C5BCB}"
EndProject
Global
	GlobalSection(SolutionConfigurationPlatforms) = preSolution
		Debug|ARM = Debug|ARM
		Debug|x64 = Debug|x64
		Debug|x86 = Debug|x86
		Release|ARM = Release|ARM
		Release|x64 = Release|x64
		Release|x86 = Release|x86
	EndGlobalSection
	GlobalSection(ProjectConfigurationPlatforms) = postSolution
		{F7D4F8C5-68AD-41C4-9AF8-DA32273C5BCB}.Debug|ARM.ActiveCfg = Debug|ARM
		{F7D4F8C5-68AD-41C4-9AF8-DA32273C5BCB}.Debug|ARM.Build.0 = Debug|ARM
		{F7D4F8C5-68AD-41C4-9AF8-DA32273C5BCB}.Debug|ARM.Deploy.0 = Debug|ARM
		{F7D4F8C5-68AD-41C4-9AF8-DA32273C5BCB}.Debug|x64.ActiveCfg = Debug|x64
		{F7D4F8C5-68AD-41C4-9AF8-DA32273C5BCB}.Debug|x64.Build.0 = Debug|x64
		{F7D4F8C5-68AD-41C4-9AF8-DA32273C5BCB}.Debug|x64.Deploy.0 = Debug|x64
		{F7D4F8C5-68AD-41C4-9AF8-DA32273C5BCB}.Debug|x86.ActiveCfg = Debug|x86
		{F7D4F8C5-68AD-41C4-9AF8-DA32273C5BCB}.Debug|x86.Build.0 = Debug|x86
		{F7D4F8C5-68AD-41C4-9AF8-DA32273C5BCB}.Debug|x86.Deploy.0 = Debug|x86
		{F7D4F8C5-68AD-41C4-9AF8-DA32273C5BCB}.Release|ARM.ActiveCfg = Release|ARM
		{F7D4F8C5-68AD-41C4-9AF8-DA32273C5BCB}.Release|ARM.Build.0 = Release|ARM
		{F7D4F8C5-68AD-41C4-9AF8-DA32273C5BCB}.Release|ARM.Deploy.0 = Release|ARM
		{F7D4F8C5-68AD-41C4-9AF8-DA32273C5BCB}.Release|x64.ActiveCfg = Release|x64
		{F7D4F8C5-68AD-41C4-9AF8-DA32273C5BCB}.Release|x64.Build.0 = Release|x64
		{F7D4F8C5-68AD-41C4-9AF8-DA32273C5BCB}.Release|x64.Deploy.0 = Release|x64
		{F7D4F8C5-68AD-41C4-9AF8-DA32273C5BCB}.Release|x86.ActiveCfg = Release|x86
		{F7D4F8C5-68AD-41C4-9AF8-DA32273C5BCB}.Release|x86.Build.0 = Release|x86
		{F7D4F8C5-68AD-41C4-9AF8-DA32273C5BCB}.Release|x86.Deploy.0 = Release|x86
	EndGlobalSection
	GlobalSection(SolutionProperties) = preSolution
		HideSolutionNode = FALSE
	EndGlobalSection
	GlobalSection(ExtensibilityGlobals) = postSolution
		SolutionGuid = {8383FA4C-436F-41B1-91A3-B3A8491C7FFB}
	EndGlobalSection
EndGlobal
